
Microsoft Visual Studio Solution File, Format Version 12.00
# Visual Studio 15
VisualStudioVersion = 15.0.28307.2092
MinimumVisualStudioVersion = 10.0.40219.1
Project("{FAE04EC0-301F-11D3-BF4B-00C04F79EFBC}") = "h34101096_practice_3_2", "h34101096_practice_3_2\h34101096_practice_3_2.csproj", "{081B6FAC-60F4-4BC3-AB7D-D8CC0F1DAD61}"
EndProject
Global
	GlobalSection(SolutionConfigurationPlatforms) = preSolution
		Debug|Any CPU = Debug|Any CPU
		Release|Any CPU = Release|Any CPU
	EndGlobalSection
	GlobalSection(ProjectConfigurationPlatforms) = postSolution
		{081B6FAC-60F4-4BC3-AB7D-D8CC0F1DAD61}.Debug|Any CPU.ActiveCfg = Debug|Any CPU
		{081B6FAC-60F4-4BC3-AB7D-D8CC0F1DAD61}.Debug|Any CPU.Build.0 = Debug|Any CPU
		{081B6FAC-60F4-4BC3-AB7D-D8CC0F1DAD61}.Release|Any CPU.ActiveCfg = Release|Any CPU
		{081B6FAC-60F4-4BC3-AB7D-D8CC0F1DAD61}.Release|Any CPU.Build.0 = Release|Any CPU
	EndGlobalSection
	GlobalSection(SolutionProperties) = preSolution
		HideSolutionNode = FALSE
	EndGlobalSection
	GlobalSection(ExtensibilityGlobals) = postSolution
		SolutionGuid = {030A6B01-BF8A-4F79-9048-C86274A11B45}
	EndGlobalSection
EndGlobal
