
Microsoft Visual Studio Solution File, Format Version 12.00
# Visual Studio 15
VisualStudioVersion = 15.0.28307.2092
MinimumVisualStudioVersion = 10.0.40219.1
Project("{FAE04EC0-301F-11D3-BF4B-00C04F79EFBC}") = "h34101096_practice_6_2", "h34101096_practice_6_2\h34101096_practice_6_2.csproj", "{EFE64A79-1ECD-4121-B0CB-00732CAAE3CA}"
EndProject
Global
	GlobalSection(SolutionConfigurationPlatforms) = preSolution
		Debug|Any CPU = Debug|Any CPU
		Release|Any CPU = Release|Any CPU
	EndGlobalSection
	GlobalSection(ProjectConfigurationPlatforms) = postSolution
		{EFE64A79-1ECD-4121-B0CB-00732CAAE3CA}.Debug|Any CPU.ActiveCfg = Debug|Any CPU
		{EFE64A79-1ECD-4121-B0CB-00732CAAE3CA}.Debug|Any CPU.Build.0 = Debug|Any CPU
		{EFE64A79-1ECD-4121-B0CB-00732CAAE3CA}.Release|Any CPU.ActiveCfg = Release|Any CPU
		{EFE64A79-1ECD-4121-B0CB-00732CAAE3CA}.Release|Any CPU.Build.0 = Release|Any CPU
	EndGlobalSection
	GlobalSection(SolutionProperties) = preSolution
		HideSolutionNode = FALSE
	EndGlobalSection
	GlobalSection(ExtensibilityGlobals) = postSolution
		SolutionGuid = {77C058AE-E52E-477A-813F-1AEE853D73FF}
	EndGlobalSection
EndGlobal
