
Microsoft Visual Studio Solution File, Format Version 12.00
# Visual Studio 15
VisualStudioVersion = 15.0.28307.2092
MinimumVisualStudioVersion = 10.0.40219.1
Project("{FAE04EC0-301F-11D3-BF4B-00C04F79EFBC}") = "h34101096_practice_5_2", "h34101096_practice_5_2\h34101096_practice_5_2.csproj", "{70E4F831-C1AE-4FDE-8BD3-2EC9E32EA8FD}"
EndProject
Global
	GlobalSection(SolutionConfigurationPlatforms) = preSolution
		Debug|Any CPU = Debug|Any CPU
		Release|Any CPU = Release|Any CPU
	EndGlobalSection
	GlobalSection(ProjectConfigurationPlatforms) = postSolution
		{70E4F831-C1AE-4FDE-8BD3-2EC9E32EA8FD}.Debug|Any CPU.ActiveCfg = Debug|Any CPU
		{70E4F831-C1AE-4FDE-8BD3-2EC9E32EA8FD}.Debug|Any CPU.Build.0 = Debug|Any CPU
		{70E4F831-C1AE-4FDE-8BD3-2EC9E32EA8FD}.Release|Any CPU.ActiveCfg = Release|Any CPU
		{70E4F831-C1AE-4FDE-8BD3-2EC9E32EA8FD}.Release|Any CPU.Build.0 = Release|Any CPU
	EndGlobalSection
	GlobalSection(SolutionProperties) = preSolution
		HideSolutionNode = FALSE
	EndGlobalSection
	GlobalSection(ExtensibilityGlobals) = postSolution
		SolutionGuid = {E5FD1CE9-6885-4A33-A30E-269E47C627AF}
	EndGlobalSection
EndGlobal
