
Microsoft Visual Studio Solution File, Format Version 12.00
# Visual Studio 15
VisualStudioVersion = 15.0.28307.2092
MinimumVisualStudioVersion = 10.0.40219.1
Project("{FAE04EC0-301F-11D3-BF4B-00C04F79EFBC}") = "h34101096_practice_6_1", "h34101096_practice_6_1\h34101096_practice_6_1.csproj", "{CBC27E57-A377-47CF-8DA6-3BA1477C6066}"
EndProject
Global
	GlobalSection(SolutionConfigurationPlatforms) = preSolution
		Debug|Any CPU = Debug|Any CPU
		Release|Any CPU = Release|Any CPU
	EndGlobalSection
	GlobalSection(ProjectConfigurationPlatforms) = postSolution
		{CBC27E57-A377-47CF-8DA6-3BA1477C6066}.Debug|Any CPU.ActiveCfg = Debug|Any CPU
		{CBC27E57-A377-47CF-8DA6-3BA1477C6066}.Debug|Any CPU.Build.0 = Debug|Any CPU
		{CBC27E57-A377-47CF-8DA6-3BA1477C6066}.Release|Any CPU.ActiveCfg = Release|Any CPU
		{CBC27E57-A377-47CF-8DA6-3BA1477C6066}.Release|Any CPU.Build.0 = Release|Any CPU
	EndGlobalSection
	GlobalSection(SolutionProperties) = preSolution
		HideSolutionNode = FALSE
	EndGlobalSection
	GlobalSection(ExtensibilityGlobals) = postSolution
		SolutionGuid = {94868BC8-80D1-4CE6-A6B8-93458578ADEA}
	EndGlobalSection
EndGlobal
